{
  "name": "simplephp",
  "version": "1.0.0",
  "lockfileVersion": 1,
  "requires": true,
  "dependencies": {
    "bazinga-translator": {
      "version": "2.6.5",
      "resolved": "https://registry.npmjs.org/bazinga-translator/-/bazinga-translator-2.6.5.tgz",
      "integrity": "sha1-E3KdzL4mwpiUZP07HMoud0wa5HI="
    }
  }
}
